<?xml version="1.0" encoding="utf-8"?>
<Project ToolsVersion="4.0" xmlns="http://schemas.microsoft.com/developer/msbuild/2003">
  <ItemGroup>
    <Filter Include="Resource Files">
      <UniqueIdentifier>{67DA6AB6-F800-4c08-8B7A-83BB121AAD01}</UniqueIdentifier>
      <Extensions>rc;ico;cur;bmp;dlg;rc2;rct;bin;rgs;gif;jpg;jpeg;jpe;resx;tiff;tif;png;wav;mfcribbon-ms</Extensions>
    </Filter>
    <Filter Include="3rdParty">
      <UniqueIdentifier>{b132a42b-cbd9-4663-b1cd-d9be1f0cfc26}</UniqueIdentifier>
    </Filter>
    <Filter Include="source">
      <UniqueIdentifier>{6da6abc8-0fa7-4c27-af9c-f36c5d617b2a}</UniqueIdentifier>
    </Filter>
    <Filter Include="3rdParty\SDL3">
      <UniqueIdentifier>{918743f7-828f-4740-80b7-d868ab5c011d}</UniqueIdentifier>
    </Filter>
  </ItemGroup>
  <ItemGroup>
    <ClCompile Include="source\Mad64U.cpp">
      <Filter>source</Filter>
    </ClCompile>
    <ClCompile Include="source\WindowTree.cpp">
      <Filter>source</Filter>
    </ClCompile>
    <ClCompile Include="source\Application.cpp">
      <Filter>source</Filter>
    </ClCompile>
    <ClCompile Include="source\FontRenderer.cpp">
      <Filter>source</Filter>
    </ClCompile>
    <ClCompile Include="source\IconRenderer.cpp">
      <Filter>source</Filter>
    </ClCompile>
    <ClCompile Include="source\WindowBase.cpp">
      <Filter>source</Filter>
    </ClCompile>
    <ClCompile Include="source\WindowLayout.cpp">
      <Filter>source</Filter>
    </ClCompile>
    <ClCompile Include="source\WindowManager.cpp">
      <Filter>source</Filter>
    </ClCompile>
    <ClCompile Include="source\WindowMenuList.cpp">
      <Filter>source</Filter>
    </ClCompile>
    <ClCompile Include="source\SourceFileManager.cpp">
      <Filter>source</Filter>
    </ClCompile>
    <ClCompile Include="source\SourceFileWindow.cpp">
      <Filter>source</Filter>
    </ClCompile>
    <ClCompile Include="source\SourceFileCmdBuffer.cpp">
      <Filter>source</Filter>
    </ClCompile>
    <ClCompile Include="source\SourceFile.cpp">
      <Filter>source</Filter>
    </ClCompile>
    <ClCompile Include="source\Settings.cpp">
      <Filter>source</Filter>
    </ClCompile>
    <ClCompile Include="source\ProjectListWIndow.cpp">
      <Filter>source</Filter>
    </ClCompile>
    <ClCompile Include="source\OutputWindow.cpp">
      <Filter>source</Filter>
    </ClCompile>
    <ClCompile Include="source\LogManager.cpp">
      <Filter>source</Filter>
    </ClCompile>
  </ItemGroup>
  <ItemGroup>
    <ClInclude Include="source\common.h">
      <Filter>source</Filter>
    </ClInclude>
    <ClInclude Include="source\WindowTree.h">
      <Filter>source</Filter>
    </ClInclude>
    <ClInclude Include="source\Application.h">
      <Filter>source</Filter>
    </ClInclude>
    <ClInclude Include="include\SDL3\SDL.h">
      <Filter>3rdParty\SDL3</Filter>
    </ClInclude>
    <ClInclude Include="include\SDL3\SDL_assert.h">
      <Filter>3rdParty\SDL3</Filter>
    </ClInclude>
    <ClInclude Include="include\SDL3\SDL_asyncio.h">
      <Filter>3rdParty\SDL3</Filter>
    </ClInclude>
    <ClInclude Include="include\SDL3\SDL_atomic.h">
      <Filter>3rdParty\SDL3</Filter>
    </ClInclude>
    <ClInclude Include="include\SDL3\SDL_audio.h">
      <Filter>3rdParty\SDL3</Filter>
    </ClInclude>
    <ClInclude Include="include\SDL3\SDL_begin_code.h">
      <Filter>3rdParty\SDL3</Filter>
    </ClInclude>
    <ClInclude Include="include\SDL3\SDL_bits.h">
      <Filter>3rdParty\SDL3</Filter>
    </ClInclude>
    <ClInclude Include="include\SDL3\SDL_blendmode.h">
      <Filter>3rdParty\SDL3</Filter>
    </ClInclude>
    <ClInclude Include="include\SDL3\SDL_camera.h">
      <Filter>3rdParty\SDL3</Filter>
    </ClInclude>
    <ClInclude Include="include\SDL3\SDL_clipboard.h">
      <Filter>3rdParty\SDL3</Filter>
    </ClInclude>
    <ClInclude Include="include\SDL3\SDL_close_code.h">
      <Filter>3rdParty\SDL3</Filter>
    </ClInclude>
    <ClInclude Include="include\SDL3\SDL_copying.h">
      <Filter>3rdParty\SDL3</Filter>
    </ClInclude>
    <ClInclude Include="include\SDL3\SDL_cpuinfo.h">
      <Filter>3rdParty\SDL3</Filter>
    </ClInclude>
    <ClInclude Include="include\SDL3\SDL_dialog.h">
      <Filter>3rdParty\SDL3</Filter>
    </ClInclude>
    <ClInclude Include="include\SDL3\SDL_dlopennote.h">
      <Filter>3rdParty\SDL3</Filter>
    </ClInclude>
    <ClInclude Include="include\SDL3\SDL_egl.h">
      <Filter>3rdParty\SDL3</Filter>
    </ClInclude>
    <ClInclude Include="include\SDL3\SDL_endian.h">
      <Filter>3rdParty\SDL3</Filter>
    </ClInclude>
    <ClInclude Include="include\SDL3\SDL_error.h">
      <Filter>3rdParty\SDL3</Filter>
    </ClInclude>
    <ClInclude Include="include\SDL3\SDL_events.h">
      <Filter>3rdParty\SDL3</Filter>
    </ClInclude>
    <ClInclude Include="include\SDL3\SDL_filesystem.h">
      <Filter>3rdParty\SDL3</Filter>
    </ClInclude>
    <ClInclude Include="include\SDL3\SDL_gamepad.h">
      <Filter>3rdParty\SDL3</Filter>
    </ClInclude>
    <ClInclude Include="include\SDL3\SDL_gpu.h">
      <Filter>3rdParty\SDL3</Filter>
    </ClInclude>
    <ClInclude Include="include\SDL3\SDL_guid.h">
      <Filter>3rdParty\SDL3</Filter>
    </ClInclude>
    <ClInclude Include="include\SDL3\SDL_haptic.h">
      <Filter>3rdParty\SDL3</Filter>
    </ClInclude>
    <ClInclude Include="include\SDL3\SDL_hidapi.h">
      <Filter>3rdParty\SDL3</Filter>
    </ClInclude>
    <ClInclude Include="include\SDL3\SDL_hints.h">
      <Filter>3rdParty\SDL3</Filter>
    </ClInclude>
    <ClInclude Include="include\SDL3\SDL_init.h">
      <Filter>3rdParty\SDL3</Filter>
    </ClInclude>
    <ClInclude Include="include\SDL3\SDL_intrin.h">
      <Filter>3rdParty\SDL3</Filter>
    </ClInclude>
    <ClInclude Include="include\SDL3\SDL_iostream.h">
      <Filter>3rdParty\SDL3</Filter>
    </ClInclude>
    <ClInclude Include="include\SDL3\SDL_joystick.h">
      <Filter>3rdParty\SDL3</Filter>
    </ClInclude>
    <ClInclude Include="include\SDL3\SDL_keyboard.h">
      <Filter>3rdParty\SDL3</Filter>
    </ClInclude>
    <ClInclude Include="include\SDL3\SDL_keycode.h">
      <Filter>3rdParty\SDL3</Filter>
    </ClInclude>
    <ClInclude Include="include\SDL3\SDL_loadso.h">
      <Filter>3rdParty\SDL3</Filter>
    </ClInclude>
    <ClInclude Include="include\SDL3\SDL_locale.h">
      <Filter>3rdParty\SDL3</Filter>
    </ClInclude>
    <ClInclude Include="include\SDL3\SDL_log.h">
      <Filter>3rdParty\SDL3</Filter>
    </ClInclude>
    <ClInclude Include="include\SDL3\SDL_main.h">
      <Filter>3rdParty\SDL3</Filter>
    </ClInclude>
    <ClInclude Include="include\SDL3\SDL_main_impl.h">
      <Filter>3rdParty\SDL3</Filter>
    </ClInclude>
    <ClInclude Include="include\SDL3\SDL_messagebox.h">
      <Filter>3rdParty\SDL3</Filter>
    </ClInclude>
    <ClInclude Include="include\SDL3\SDL_metal.h">
      <Filter>3rdParty\SDL3</Filter>
    </ClInclude>
    <ClInclude Include="include\SDL3\SDL_misc.h">
      <Filter>3rdParty\SDL3</Filter>
    </ClInclude>
    <ClInclude Include="include\SDL3\SDL_mouse.h">
      <Filter>3rdParty\SDL3</Filter>
    </ClInclude>
    <ClInclude Include="include\SDL3\SDL_mutex.h">
      <Filter>3rdParty\SDL3</Filter>
    </ClInclude>
    <ClInclude Include="include\SDL3\SDL_oldnames.h">
      <Filter>3rdParty\SDL3</Filter>
    </ClInclude>
    <ClInclude Include="include\SDL3\SDL_opengl.h">
      <Filter>3rdParty\SDL3</Filter>
    </ClInclude>
    <ClInclude Include="include\SDL3\SDL_opengl_glext.h">
      <Filter>3rdParty\SDL3</Filter>
    </ClInclude>
    <ClInclude Include="include\SDL3\SDL_opengles.h">
      <Filter>3rdParty\SDL3</Filter>
    </ClInclude>
    <ClInclude Include="include\SDL3\SDL_opengles2.h">
      <Filter>3rdParty\SDL3</Filter>
    </ClInclude>
    <ClInclude Include="include\SDL3\SDL_opengles2_gl2.h">
      <Filter>3rdParty\SDL3</Filter>
    </ClInclude>
    <ClInclude Include="include\SDL3\SDL_opengles2_gl2ext.h">
      <Filter>3rdParty\SDL3</Filter>
    </ClInclude>
    <ClInclude Include="include\SDL3\SDL_opengles2_gl2platform.h">
      <Filter>3rdParty\SDL3</Filter>
    </ClInclude>
    <ClInclude Include="include\SDL3\SDL_opengles2_khrplatform.h">
      <Filter>3rdParty\SDL3</Filter>
    </ClInclude>
    <ClInclude Include="include\SDL3\SDL_pen.h">
      <Filter>3rdParty\SDL3</Filter>
    </ClInclude>
    <ClInclude Include="include\SDL3\SDL_pixels.h">
      <Filter>3rdParty\SDL3</Filter>
    </ClInclude>
    <ClInclude Include="include\SDL3\SDL_platform.h">
      <Filter>3rdParty\SDL3</Filter>
    </ClInclude>
    <ClInclude Include="include\SDL3\SDL_platform_defines.h">
      <Filter>3rdParty\SDL3</Filter>
    </ClInclude>
    <ClInclude Include="include\SDL3\SDL_power.h">
      <Filter>3rdParty\SDL3</Filter>
    </ClInclude>
    <ClInclude Include="include\SDL3\SDL_process.h">
      <Filter>3rdParty\SDL3</Filter>
    </ClInclude>
    <ClInclude Include="include\SDL3\SDL_properties.h">
      <Filter>3rdParty\SDL3</Filter>
    </ClInclude>
    <ClInclude Include="include\SDL3\SDL_rect.h">
      <Filter>3rdParty\SDL3</Filter>
    </ClInclude>
    <ClInclude Include="include\SDL3\SDL_render.h">
      <Filter>3rdParty\SDL3</Filter>
    </ClInclude>
    <ClInclude Include="include\SDL3\SDL_revision.h">
      <Filter>3rdParty\SDL3</Filter>
    </ClInclude>
    <ClInclude Include="include\SDL3\SDL_scancode.h">
      <Filter>3rdParty\SDL3</Filter>
    </ClInclude>
    <ClInclude Include="include\SDL3\SDL_sensor.h">
      <Filter>3rdParty\SDL3</Filter>
    </ClInclude>
    <ClInclude Include="include\SDL3\SDL_stdinc.h">
      <Filter>3rdParty\SDL3</Filter>
    </ClInclude>
    <ClInclude Include="include\SDL3\SDL_storage.h">
      <Filter>3rdParty\SDL3</Filter>
    </ClInclude>
    <ClInclude Include="include\SDL3\SDL_surface.h">
      <Filter>3rdParty\SDL3</Filter>
    </ClInclude>
    <ClInclude Include="include\SDL3\SDL_system.h">
      <Filter>3rdParty\SDL3</Filter>
    </ClInclude>
    <ClInclude Include="include\SDL3\SDL_test.h">
      <Filter>3rdParty\SDL3</Filter>
    </ClInclude>
    <ClInclude Include="include\SDL3\SDL_test_assert.h">
      <Filter>3rdParty\SDL3</Filter>
    </ClInclude>
    <ClInclude Include="include\SDL3\SDL_test_common.h">
      <Filter>3rdParty\SDL3</Filter>
    </ClInclude>
    <ClInclude Include="include\SDL3\SDL_test_compare.h">
      <Filter>3rdParty\SDL3</Filter>
    </ClInclude>
    <ClInclude Include="include\SDL3\SDL_test_crc32.h">
      <Filter>3rdParty\SDL3</Filter>
    </ClInclude>
    <ClInclude Include="include\SDL3\SDL_test_font.h">
      <Filter>3rdParty\SDL3</Filter>
    </ClInclude>
    <ClInclude Include="include\SDL3\SDL_test_fuzzer.h">
      <Filter>3rdParty\SDL3</Filter>
    </ClInclude>
    <ClInclude Include="include\SDL3\SDL_test_harness.h">
      <Filter>3rdParty\SDL3</Filter>
    </ClInclude>
    <ClInclude Include="include\SDL3\SDL_test_log.h">
      <Filter>3rdParty\SDL3</Filter>
    </ClInclude>
    <ClInclude Include="include\SDL3\SDL_test_md5.h">
      <Filter>3rdParty\SDL3</Filter>
    </ClInclude>
    <ClInclude Include="include\SDL3\SDL_test_memory.h">
      <Filter>3rdParty\SDL3</Filter>
    </ClInclude>
    <ClInclude Include="include\SDL3\SDL_thread.h">
      <Filter>3rdParty\SDL3</Filter>
    </ClInclude>
    <ClInclude Include="include\SDL3\SDL_time.h">
      <Filter>3rdParty\SDL3</Filter>
    </ClInclude>
    <ClInclude Include="include\SDL3\SDL_timer.h">
      <Filter>3rdParty\SDL3</Filter>
    </ClInclude>
    <ClInclude Include="include\SDL3\SDL_touch.h">
      <Filter>3rdParty\SDL3</Filter>
    </ClInclude>
    <ClInclude Include="include\SDL3\SDL_tray.h">
      <Filter>3rdParty\SDL3</Filter>
    </ClInclude>
    <ClInclude Include="include\SDL3\SDL_version.h">
      <Filter>3rdParty\SDL3</Filter>
    </ClInclude>
    <ClInclude Include="include\SDL3\SDL_video.h">
      <Filter>3rdParty\SDL3</Filter>
    </ClInclude>
    <ClInclude Include="include\SDL3\SDL_vulkan.h">
      <Filter>3rdParty\SDL3</Filter>
    </ClInclude>
    <ClInclude Include="source\FontRenderer.h">
      <Filter>source</Filter>
    </ClInclude>
    <ClInclude Include="source\IconRenderer.h">
      <Filter>source</Filter>
    </ClInclude>
    <ClInclude Include="resource.h">
      <Filter>Resource Files</Filter>
    </ClInclude>
    <ClInclude Include="source\WindowQueries.h">
      <Filter>source</Filter>
    </ClInclude>
    <ClInclude Include="source\WindowLayout.h">
      <Filter>source</Filter>
    </ClInclude>
    <ClInclude Include="source\WindowManager.h">
      <Filter>source</Filter>
    </ClInclude>
    <ClInclude Include="source\WindowBase.h">
      <Filter>source</Filter>
    </ClInclude>
    <ClInclude Include="source\WindowMenuList.h">
      <Filter>source</Filter>
    </ClInclude>
    <ClInclude Include="source\SourceFileManager.h">
      <Filter>source</Filter>
    </ClInclude>
    <ClInclude Include="source\Singleton.h">
      <Filter>source</Filter>
    </ClInclude>
    <ClInclude Include="source\SourceFileWindow.h">
      <Filter>source</Filter>
    </ClInclude>
    <ClInclude Include="source\SourceFile.h">
      <Filter>source</Filter>
    </ClInclude>
    <ClInclude Include="source\SourceFileCmdBuffer.h">
      <Filter>source</Filter>
    </ClInclude>
    <ClInclude Include="source\Settings.h">
      <Filter>source</Filter>
    </ClInclude>
    <ClInclude Include="source\ProjectListWindow.h">
      <Filter>source</Filter>
    </ClInclude>
    <ClInclude Include="source\OutputWIndow.h">
      <Filter>source</Filter>
    </ClInclude>
    <ClInclude Include="source\LogManager.h">
      <Filter>source</Filter>
    </ClInclude>
  </ItemGroup>
  <ItemGroup>
    <ResourceCompile Include="Mad64.rc">
      <Filter>Resource Files</Filter>
    </ResourceCompile>
  </ItemGroup>
</Project>